
Microsoft Visual Studio Solution File, Format Version 12.00
# Visual Studio Version 17
VisualStudioVersion = 17.9.34622.214
MinimumVisualStudioVersion = 10.0.40219.1
Project("{2150E333-8FDC-42A3-9474-1A3956D46DE8}") = "src", "src", "{0CBA4A73-4ACE-4546-ABB2-D88FB105B49A}"
EndProject
Project("{FAE04EC0-301F-11D3-BF4B-00C04F79EFBC}") = "Weather.API", "Weather.API\Weather.API.csproj", "{33A13B55-FC78-415A-A39A-C446BF909E55}"
EndProject
Project("{2150E333-8FDC-42A3-9474-1A3956D46DE8}") = "test", "test", "{6C0E03C3-13AD-49B4-BF54-963216FA7BE4}"
EndProject
Project("{FAE04EC0-301F-11D3-BF4B-00C04F79EFBC}") = "Weather.test", "Weather.test\Weather.test.csproj", "{82227DD1-7FDC-4ED4-9F7A-A9B9648DB96C}"
EndProject
Global
	GlobalSection(SolutionConfigurationPlatforms) = preSolution
		Debug|Any CPU = Debug|Any CPU
		Release|Any CPU = Release|Any CPU
	EndGlobalSection
	GlobalSection(ProjectConfigurationPlatforms) = postSolution
		{33A13B55-FC78-415A-A39A-C446BF909E55}.Debug|Any CPU.ActiveCfg = Debug|Any CPU
		{33A13B55-FC78-415A-A39A-C446BF909E55}.Debug|Any CPU.Build.0 = Debug|Any CPU
		{33A13B55-FC78-415A-A39A-C446BF909E55}.Release|Any CPU.ActiveCfg = Release|Any CPU
		{33A13B55-FC78-415A-A39A-C446BF909E55}.Release|Any CPU.Build.0 = Release|Any CPU
		{82227DD1-7FDC-4ED4-9F7A-A9B9648DB96C}.Debug|Any CPU.ActiveCfg = Debug|Any CPU
		{82227DD1-7FDC-4ED4-9F7A-A9B9648DB96C}.Debug|Any CPU.Build.0 = Debug|Any CPU
		{82227DD1-7FDC-4ED4-9F7A-A9B9648DB96C}.Release|Any CPU.ActiveCfg = Release|Any CPU
		{82227DD1-7FDC-4ED4-9F7A-A9B9648DB96C}.Release|Any CPU.Build.0 = Release|Any CPU
	EndGlobalSection
	GlobalSection(SolutionProperties) = preSolution
		HideSolutionNode = FALSE
	EndGlobalSection
	GlobalSection(NestedProjects) = preSolution
		{33A13B55-FC78-415A-A39A-C446BF909E55} = {0CBA4A73-4ACE-4546-ABB2-D88FB105B49A}
		{82227DD1-7FDC-4ED4-9F7A-A9B9648DB96C} = {6C0E03C3-13AD-49B4-BF54-963216FA7BE4}
	EndGlobalSection
	GlobalSection(ExtensibilityGlobals) = postSolution
		SolutionGuid = {A3D22E9E-E9C9-4979-8BA6-ECE8A30FAA4F}
	EndGlobalSection
EndGlobal
